
Microsoft Visual Studio Solution File, Format Version 12.00
# Visual Studio Version 16
VisualStudioVersion = 16.0.810.6
MinimumVisualStudioVersion = 10.0.40219.1
Project("{FAE04EC0-301F-11D3-BF4B-00C04F79EFBC}") = "CypSimetrica", "CypSimetrica\CypSimetrica.csproj", "{31160608-23FE-43F8-A307-5D31179243E4}"
EndProject
Project("{FAE04EC0-301F-11D3-BF4B-00C04F79EFBC}") = "Test", "Test\Test.csproj", "{C6AE12BB-E24C-43E7-9795-0170A751EE4F}"
EndProject
Project("{FAE04EC0-301F-11D3-BF4B-00C04F79EFBC}") = "CypAssimetrica", "CypAssimetrica\CypAssimetrica.csproj", "{BDA2C9D4-6C06-45F5-B435-46DD5F8F8178}"
EndProject
Global
	GlobalSection(SolutionConfigurationPlatforms) = preSolution
		Debug|Any CPU = Debug|Any CPU
		Release|Any CPU = Release|Any CPU
	EndGlobalSection
	GlobalSection(ProjectConfigurationPlatforms) = postSolution
		{31160608-23FE-43F8-A307-5D31179243E4}.Debug|Any CPU.ActiveCfg = Debug|Any CPU
		{31160608-23FE-43F8-A307-5D31179243E4}.Debug|Any CPU.Build.0 = Debug|Any CPU
		{31160608-23FE-43F8-A307-5D31179243E4}.Release|Any CPU.ActiveCfg = Release|Any CPU
		{31160608-23FE-43F8-A307-5D31179243E4}.Release|Any CPU.Build.0 = Release|Any CPU
		{C6AE12BB-E24C-43E7-9795-0170A751EE4F}.Debug|Any CPU.ActiveCfg = Debug|Any CPU
		{C6AE12BB-E24C-43E7-9795-0170A751EE4F}.Debug|Any CPU.Build.0 = Debug|Any CPU
		{C6AE12BB-E24C-43E7-9795-0170A751EE4F}.Release|Any CPU.ActiveCfg = Release|Any CPU
		{C6AE12BB-E24C-43E7-9795-0170A751EE4F}.Release|Any CPU.Build.0 = Release|Any CPU
		{BDA2C9D4-6C06-45F5-B435-46DD5F8F8178}.Debug|Any CPU.ActiveCfg = Debug|Any CPU
		{BDA2C9D4-6C06-45F5-B435-46DD5F8F8178}.Debug|Any CPU.Build.0 = Debug|Any CPU
		{BDA2C9D4-6C06-45F5-B435-46DD5F8F8178}.Release|Any CPU.ActiveCfg = Release|Any CPU
		{BDA2C9D4-6C06-45F5-B435-46DD5F8F8178}.Release|Any CPU.Build.0 = Release|Any CPU
	EndGlobalSection
	GlobalSection(SolutionProperties) = preSolution
		HideSolutionNode = FALSE
	EndGlobalSection
	GlobalSection(ExtensibilityGlobals) = postSolution
		SolutionGuid = {274ABDE8-8443-49FE-AE88-B2777D850497}
	EndGlobalSection
EndGlobal
